
Microsoft Visual Studio Solution File, Format Version 12.00
# Visual Studio Version 16
VisualStudioVersion = 16.0.32901.82
MinimumVisualStudioVersion = 10.0.40219.1
Project("{FAE04EC0-301F-11D3-BF4B-00C04F79EFBC}") = "RajvirsBookStore", "RajvirsBookStore\RajvirsBookStore.csproj", "{21A4C0E0-56B7-4BF1-89B0-67413FD0F8E6}"
EndProject
Global
	GlobalSection(SolutionConfigurationPlatforms) = preSolution
		Debug|Any CPU = Debug|Any CPU
		Release|Any CPU = Release|Any CPU
	EndGlobalSection
	GlobalSection(ProjectConfigurationPlatforms) = postSolution
		{21A4C0E0-56B7-4BF1-89B0-67413FD0F8E6}.Debug|Any CPU.ActiveCfg = Debug|Any CPU
		{21A4C0E0-56B7-4BF1-89B0-67413FD0F8E6}.Debug|Any CPU.Build.0 = Debug|Any CPU
		{21A4C0E0-56B7-4BF1-89B0-67413FD0F8E6}.Release|Any CPU.ActiveCfg = Release|Any CPU
		{21A4C0E0-56B7-4BF1-89B0-67413FD0F8E6}.Release|Any CPU.Build.0 = Release|Any CPU
	EndGlobalSection
	GlobalSection(SolutionProperties) = preSolution
		HideSolutionNode = FALSE
	EndGlobalSection
	GlobalSection(ExtensibilityGlobals) = postSolution
		SolutionGuid = {08E61637-1B42-4098-9FFB-DBC9F4CBD83D}
	EndGlobalSection
EndGlobal
